// !$*UTF8*$!
{
	archiveVersion = 1;
	classes = {
	};
	objectVersion = 48;
	objects = {

/* Begin PBXBuildFile section */
		6A81B9B107281152700F6C50 /* Pods_DynamicXLPager.framework in Frameworks */ = {isa = PBXBuildFile; fileRef = 101CD4BEA2D6FED0BC5EBC82 /* Pods_DynamicXLPager.framework */; };
		A436EEE8215F42A400333501 /* AppDelegate.swift in Sources */ = {isa = PBXBuildFile; fileRef = A436EEE7215F42A400333501 /* AppDelegate.swift */; };
		A436EEEA215F42A400333501 /* ViewController.swift in Sources */ = {isa = PBXBuildFile; fileRef = A436EEE9215F42A400333501 /* ViewController.swift */; };
		A436EEED215F42A400333501 /* Main.storyboard in Resources */ = {isa = PBXBuildFile; fileRef = A436EEEB215F42A400333501 /* Main.storyboard */; };
		A436EEEF215F42A400333501 /* Assets.xcassets in Resources */ = {isa = PBXBuildFile; fileRef = A436EEEE215F42A400333501 /* Assets.xcassets */; };
		A436EEF2215F42A400333501 /* LaunchScreen.storyboard in Resources */ = {isa = PBXBuildFile; fileRef = A436EEF0215F42A400333501 /* LaunchScreen.storyboard */; };
		A48FF3F5215F472100D0FBE4 /* VC1.swift in Sources */ = {isa = PBXBuildFile; fileRef = A48FF3F4215F472100D0FBE4 /* VC1.swift */; };
		A48FF3F7215F473100D0FBE4 /* VC2.swift in Sources */ = {isa = PBXBuildFile; fileRef = A48FF3F6215F473100D0FBE4 /* VC2.swift */; };
/* End PBXBuildFile section */

/* Begin PBXFileReference section */
		101CD4BEA2D6FED0BC5EBC82 /* Pods_DynamicXLPager.framework */ = {isa = PBXFileReference; explicitFileType = wrapper.framework; includeInIndex = 0; path = Pods_DynamicXLPager.framework; sourceTree = BUILT_PRODUCTS_DIR; };
		A436EEE4215F42A300333501 /* DynamicXLPager.app */ = {isa = PBXFileReference; explicitFileType = wrapper.application; includeInIndex = 0; path = DynamicXLPager.app; sourceTree = BUILT_PRODUCTS_DIR; };
		A436EEE7215F42A400333501 /* AppDelegate.swift */ = {isa = PBXFileReference; lastKnownFileType = sourcecode.swift; path = AppDelegate.swift; sourceTree = "<group>"; };
		A436EEE9215F42A400333501 /* ViewController.swift */ = {isa = PBXFileReference; lastKnownFileType = sourcecode.swift; path = ViewController.swift; sourceTree = "<group>"; };
		A436EEEC215F42A400333501 /* Base */ = {isa = PBXFileReference; lastKnownFileType = file.storyboard; name = Base; path = Base.lproj/Main.storyboard; sourceTree = "<group>"; };
		A436EEEE215F42A400333501 /* Assets.xcassets */ = {isa = PBXFileReference; lastKnownFileType = folder.assetcatalog; path = Assets.xcassets; sourceTree = "<group>"; };
		A436EEF1215F42A400333501 /* Base */ = {isa = PBXFileReference; lastKnownFileType = file.storyboard; name = Base; path = Base.lproj/LaunchScreen.storyboard; sourceTree = "<group>"; };
		A436EEF3215F42A400333501 /* Info.plist */ = {isa = PBXFileReference; lastKnownFileType = text.plist.xml; path = Info.plist; sourceTree = "<group>"; };
		A48FF3F4215F472100D0FBE4 /* VC1.swift */ = {isa = PBXFileReference; lastKnownFileType = sourcecode.swift; path = VC1.swift; sourceTree = "<group>"; };
		A48FF3F6215F473100D0FBE4 /* VC2.swift */ = {isa = PBXFileReference; lastKnownFileType = sourcecode.swift; path = VC2.swift; sourceTree = "<group>"; };
		DEF77E24DBDBB7ED5226F52B /* Pods-DynamicXLPager.release.xcconfig */ = {isa = PBXFileReference; includeInIndex = 1; lastKnownFileType = text.xcconfig; name = "Pods-DynamicXLPager.release.xcconfig"; path = "Pods/Target Support Files/Pods-DynamicXLPager/Pods-DynamicXLPager.release.xcconfig"; sourceTree = "<group>"; };
		EA20D7308462DA1937A33509 /* Pods-DynamicXLPager.debug.xcconfig */ = {isa = PBXFileReference; includeInIndex = 1; lastKnownFileType = text.xcconfig; name = "Pods-DynamicXLPager.debug.xcconfig"; path = "Pods/Target Support Files/Pods-DynamicXLPager/Pods-DynamicXLPager.debug.xcconfig"; sourceTree = "<group>"; };
/* End PBXFileReference section */

/* Begin PBXFrameworksBuildPhase section */
		A436EEE1215F42A300333501 /* Frameworks */ = {
			isa = PBXFrameworksBuildPhase;
			buildActionMask = 2147483647;
			files = (
				6A81B9B107281152700F6C50 /* Pods_DynamicXLPager.framework in Frameworks */,
			);
			runOnlyForDeploymentPostprocessing = 0;
		};
/* End PBXFrameworksBuildPhase section */

/* Begin PBXGroup section */
		5F47C54D7041CC674EA9CD28 /* Frameworks */ = {
			isa = PBXGroup;
			children = (
				101CD4BEA2D6FED0BC5EBC82 /* Pods_DynamicXLPager.framework */,
			);
			name = Frameworks;
			sourceTree = "<group>";
		};
		8501E8EFFF4AAFB6D47D741E /* Pods */ = {
			isa = PBXGroup;
			children = (
				EA20D7308462DA1937A33509 /* Pods-DynamicXLPager.debug.xcconfig */,
				DEF77E24DBDBB7ED5226F52B /* Pods-DynamicXLPager.release.xcconfig */,
			);
			name = Pods;
			sourceTree = "<group>";
		};
		A436EEDB215F42A300333501 = {
			isa = PBXGroup;
			children = (
				A436EEE6215F42A300333501 /* DynamicXLPager */,
				A436EEE5215F42A300333501 /* Products */,
				8501E8EFFF4AAFB6D47D741E /* Pods */,
				5F47C54D7041CC674EA9CD28 /* Frameworks */,
			);
			sourceTree = "<group>";
		};
		A436EEE5215F42A300333501 /* Products */ = {
			isa = PBXGroup;
			children = (
				A436EEE4215F42A300333501 /* DynamicXLPager.app */,
			);
			name = Products;
			sourceTree = "<group>";
		};
		A436EEE6215F42A300333501 /* DynamicXLPager */ = {
			isa = PBXGroup;
			children = (
				A436EEE7215F42A400333501 /* AppDelegate.swift */,
				A436EEE9215F42A400333501 /* ViewController.swift */,
				A436EEEB215F42A400333501 /* Main.storyboard */,
				A436EEEE215F42A400333501 /* Assets.xcassets */,
				A436EEF0215F42A400333501 /* LaunchScreen.storyboard */,
				A436EEF3215F42A400333501 /* Info.plist */,
				A48FF3F4215F472100D0FBE4 /* VC1.swift */,
				A48FF3F6215F473100D0FBE4 /* VC2.swift */,
			);
			path = DynamicXLPager;
			sourceTree = "<group>";
		};
/* End PBXGroup section */

/* Begin PBXNativeTarget section */
		A436EEE3215F42A300333501 /* DynamicXLPager */ = {
			isa = PBXNativeTarget;
			buildConfigurationList = A436EEF6215F42A400333501 /* Build configuration list for PBXNativeTarget "DynamicXLPager" */;
			buildPhases = (
				AA1BF244BD70FDF98E7917F2 /* [CP] Check Pods Manifest.lock */,
				A436EEE0215F42A300333501 /* Sources */,
				A436EEE1215F42A300333501 /* Frameworks */,
				A436EEE2215F42A300333501 /* Resources */,
				1AF0DAF0F35FB1E99DE639E8 /* [CP] Embed Pods Frameworks */,
			);
			buildRules = (
			);
			dependencies = (
			);
			name = DynamicXLPager;
			productName = DynamicXLPager;
			productReference = A436EEE4215F42A300333501 /* DynamicXLPager.app */;
			productType = "com.apple.product-type.application";
		};
/* End PBXNativeTarget section */

/* Begin PBXProject section */
		A436EEDC215F42A300333501 /* Project object */ = {
			isa = PBXProject;
			attributes = {
				LastSwiftUpdateCheck = 0920;
				LastUpgradeCheck = 0920;
				ORGANIZATIONNAME = "AFFIXUS IMAC1";
				TargetAttributes = {
					A436EEE3215F42A300333501 = {
						CreatedOnToolsVersion = 9.2;
						ProvisioningStyle = Automatic;
					};
				};
			};
			buildConfigurationList = A436EEDF215F42A300333501 /* Build configuration list for PBXProject "DynamicXLPager" */;
			compatibilityVersion = "Xcode 8.0";
			developmentRegion = en;
			hasScannedForEncodings = 0;
			knownRegions = (
				en,
				Base,
			);
			mainGroup = A436EEDB215F42A300333501;
			productRefGroup = A436EEE5215F42A300333501 /* Products */;
			projectDirPath = "";
			projectRoot = "";
			targets = (
				A436EEE3215F42A300333501 /* DynamicXLPager */,
			);
		};
/* End PBXProject section */

/* Begin PBXResourcesBuildPhase section */
		A436EEE2215F42A300333501 /* Resources */ = {
			isa = PBXResourcesBuildPhase;
			buildActionMask = 2147483647;
			files = (
				A436EEF2215F42A400333501 /* LaunchScreen.storyboard in Resources */,
				A436EEEF215F42A400333501 /* Assets.xcassets in Resources */,
				A436EEED215F42A400333501 /* Main.storyboard in Resources */,
			);
			runOnlyForDeploymentPostprocessing = 0;
		};
/* End PBXResourcesBuildPhase section */

/* Begin PBXShellScriptBuildPhase section */
		1AF0DAF0F35FB1E99DE639E8 /* [CP] Embed Pods Frameworks */ = {
			isa = PBXShellScriptBuildPhase;
			buildActionMask = 2147483647;
			files = (
			);
			inputPaths = (
				"${SRCROOT}/Pods/Target Support Files/Pods-DynamicXLPager/Pods-DynamicXLPager-frameworks.sh",
				"${BUILT_PRODUCTS_DIR}/XLPagerTabStrip/XLPagerTabStrip.framework",
			);
			name = "[CP] Embed Pods Frameworks";
			outputPaths = (
				"${TARGET_BUILD_DIR}/${FRAMEWORKS_FOLDER_PATH}/XLPagerTabStrip.framework",
			);
			runOnlyForDeploymentPostprocessing = 0;
			shellPath = /bin/sh;
			shellScript = "\"${SRCROOT}/Pods/Target Support Files/Pods-DynamicXLPager/Pods-DynamicXLPager-frameworks.sh\"\n";
			showEnvVarsInLog = 0;
		};
		AA1BF244BD70FDF98E7917F2 /* [CP] Check Pods Manifest.lock */ = {
			isa = PBXShellScriptBuildPhase;
			buildActionMask = 2147483647;
			files = (
			);
			inputPaths = (
				"${PODS_PODFILE_DIR_PATH}/Podfile.lock",
				"${PODS_ROOT}/Manifest.lock",
			);
			name = "[CP] Check Pods Manifest.lock";
			outputPaths = (
				"$(DERIVED_FILE_DIR)/Pods-DynamicXLPager-checkManifestLockResult.txt",
			);
			runOnlyForDeploymentPostprocessing = 0;
			shellPath = /bin/sh;
			shellScript = "diff \"${PODS_PODFILE_DIR_PATH}/Podfile.lock\" \"${PODS_ROOT}/Manifest.lock\" > /dev/null\nif [ $? != 0 ] ; then\n    # print error to STDERR\n    echo \"error: The sandbox is not in sync with the Podfile.lock. Run 'pod install' or update your CocoaPods installation.\" >&2\n    exit 1\nfi\n# This output is used by Xcode 'outputs' to avoid re-running this script phase.\necho \"SUCCESS\" > \"${SCRIPT_OUTPUT_FILE_0}\"\n";
			showEnvVarsInLog = 0;
		};
/* End PBXShellScriptBuildPhase section */

/* Begin PBXSourcesBuildPhase section */
		A436EEE0215F42A300333501 /* Sources */ = {
			isa = PBXSourcesBuildPhase;
			buildActionMask = 2147483647;
			files = (
				A48FF3F5215F472100D0FBE4 /* VC1.swift in Sources */,
				A436EEEA215F42A400333501 /* ViewController.swift in Sources */,
				A436EEE8215F42A400333501 /* AppDelegate.swift in Sources */,
				A48FF3F7215F473100D0FBE4 /* VC2.swift in Sources */,
			);
			runOnlyForDeploymentPostprocessing = 0;
		};
/* End PBXSourcesBuildPhase section */

/* Begin PBXVariantGroup section */
		A436EEEB215F42A400333501 /* Main.storyboard */ = {
			isa = PBXVariantGroup;
			children = (
				A436EEEC215F42A400333501 /* Base */,
			);
			name = Main.storyboard;
			sourceTree = "<group>";
		};
		A436EEF0215F42A400333501 /* LaunchScreen.storyboard */ = {
			isa = PBXVariantGroup;
			children = (
				A436EEF1215F42A400333501 /* Base */,
			);
			name = LaunchScreen.storyboard;
			sourceTree = "<group>";
		};
/* End PBXVariantGroup section */

/* Begin XCBuildConfiguration section */
		A436EEF4215F42A400333501 /* Debug */ = {
			isa = XCBuildConfiguration;
			buildSettings = {
				ALWAYS_SEARCH_USER_PATHS = NO;
				CLANG_ANALYZER_NONNULL = YES;
				CLANG_ANALYZER_NUMBER_OBJECT_CONVERSION = YES_AGGRESSIVE;
				CLANG_CXX_LANGUAGE_STANDARD = "gnu++14";
				CLANG_CXX_LIBRARY = "libc++";
				CLANG_ENABLE_MODULES = YES;
				CLANG_ENABLE_OBJC_ARC = YES;
				CLANG_WARN_BLOCK_CAPTURE_AUTORELEASING = YES;
				CLANG_WARN_BOOL_CONVERSION = YES;
				CLANG_WARN_COMMA = YES;
				CLANG_WARN_CONSTANT_CONVERSION = YES;
				CLANG_WARN_DIRECT_OBJC_ISA_USAGE = YES_ERROR;
				CLANG_WARN_DOCUMENTATION_COMMENTS = YES;
				CLANG_WARN_EMPTY_BODY = YES;
				CLANG_WARN_ENUM_CONVERSION = YES;
				CLANG_WARN_INFINITE_RECURSION = YES;
				CLANG_WARN_INT_CONVERSION = YES;
				CLANG_WARN_NON_LITERAL_NULL_CONVERSION = YES;
				CLANG_WARN_OBJC_LITERAL_CONVERSION = YES;
				CLANG_WARN_OBJC_ROOT_CLASS = YES_ERROR;
				CLANG_WARN_RANGE_LOOP_ANALYSIS = YES;
				CLANG_WARN_STRICT_PROTOTYPES = YES;
				CLANG_WARN_SUSPICIOUS_MOVE = YES;
				CLANG_WARN_UNGUARDED_AVAILABILITY = YES_AGGRESSIVE;
				CLANG_WARN_UNREACHABLE_CODE = YES;
				CLANG_WARN__DUPLICATE_METHOD_MATCH = YES;
				CODE_SIGN_IDENTITY = "iPhone Developer";
				COPY_PHASE_STRIP = NO;
				DEBUG_INFORMATION_FORMAT = dwarf;
				ENABLE_STRICT_OBJC_MSGSEND = YES;
				ENABLE_TESTABILITY = YES;
				GCC_C_LANGUAGE_STANDARD = gnu11;
				GCC_DYNAMIC_NO_PIC = NO;
				GCC_NO_COMMON_BLOCKS = YES;
				GCC_OPTIMIZATION_LEVEL = 0;
				GCC_PREPROCESSOR_DEFINITIONS = (
					"DEBUG=1",
					"$(inherited)",
				);
				GCC_WARN_64_TO_32_BIT_CONVERSION = YES;
				GCC_WARN_ABOUT_RETURN_TYPE = YES_ERROR;
				GCC_WARN_UNDECLARED_SELECTOR = YES;
				GCC_WARN_UNINITIALIZED_AUTOS = YES_AGGRESSIVE;
				GCC_WARN_UNUSED_FUNCTION = YES;
				GCC_WARN_UNUSED_VARIABLE = YES;
				IPHONEOS_DEPLOYMENT_TARGET = 11.2;
				MTL_ENABLE_DEBUG_INFO = YES;
				ONLY_ACTIVE_ARCH = YES;
				SDKROOT = iphoneos;
				SWIFT_ACTIVE_COMPILATION_CONDITIONS = DEBUG;
				SWIFT_OPTIMIZATION_LEVEL = "-Onone";
			};
			name = Debug;
		};
		A436EEF5215F42A400333501 /* Release */ = {
			isa = XCBuildConfiguration;
			buildSettings = {
				ALWAYS_SEARCH_USER_PATHS = NO;
				CLANG_ANALYZER_NONNULL = YES;
				CLANG_ANALYZER_NUMBER_OBJECT_CONVERSION = YES_AGGRESSIVE;
				CLANG_CXX_LANGUAGE_STANDARD = "gnu++14";
				CLANG_CXX_LIBRARY = "libc++";
				CLANG_ENABLE_MODULES = YES;
				CLANG_ENABLE_OBJC_ARC = YES;
				CLANG_WARN_BLOCK_CAPTURE_AUTORELEASING = YES;
				CLANG_WARN_BOOL_CONVERSION = YES;
				CLANG_WARN_COMMA = YES;
				CLANG_WARN_CONSTANT_CONVERSION = YES;
				CLANG_WARN_DIRECT_OBJC_ISA_USAGE = YES_ERROR;
				CLANG_WARN_DOCUMENTATION_COMMENTS = YES;
				CLANG_WARN_EMPTY_BODY = YES;
				CLANG_WARN_ENUM_CONVERSION = YES;
				CLANG_WARN_INFINITE_RECURSION = YES;
				CLANG_WARN_INT_CONVERSION = YES;
				CLANG_WARN_NON_LITERAL_NULL_CONVERSION = YES;
				CLANG_WARN_OBJC_LITERAL_CONVERSION = YES;
				CLANG_WARN_OBJC_ROOT_CLASS = YES_ERROR;
				CLANG_WARN_RANGE_LOOP_ANALYSIS = YES;
				CLANG_WARN_STRICT_PROTOTYPES = YES;
				CLANG_WARN_SUSPICIOUS_MOVE = YES;
				CLANG_WARN_UNGUARDED_AVAILABILITY = YES_AGGRESSIVE;
				CLANG_WARN_UNREACHABLE_CODE = YES;
				CLANG_WARN__DUPLICATE_METHOD_MATCH = YES;
				CODE_SIGN_IDENTITY = "iPhone Developer";
				COPY_PHASE_STRIP = NO;
				DEBUG_INFORMATION_FORMAT = "dwarf-with-dsym";
				ENABLE_NS_ASSERTIONS = NO;
				ENABLE_STRICT_OBJC_MSGSEND = YES;
				GCC_C_LANGUAGE_STANDARD = gnu11;
				GCC_NO_COMMON_BLOCKS = YES;
				GCC_WARN_64_TO_32_BIT_CONVERSION = YES;
				GCC_WARN_ABOUT_RETURN_TYPE = YES_ERROR;
				GCC_WARN_UNDECLARED_SELECTOR = YES;
				GCC_WARN_UNINITIALIZED_AUTOS = YES_AGGRESSIVE;
				GCC_WARN_UNUSED_FUNCTION = YES;
				GCC_WARN_UNUSED_VARIABLE = YES;
				IPHONEOS_DEPLOYMENT_TARGET = 11.2;
				MTL_ENABLE_DEBUG_INFO = NO;
				SDKROOT = iphoneos;
				SWIFT_OPTIMIZATION_LEVEL = "-Owholemodule";
				VALIDATE_PRODUCT = YES;
			};
			name = Release;
		};
		A436EEF7215F42A400333501 /* Debug */ = {
			isa = XCBuildConfiguration;
			baseConfigurationReference = EA20D7308462DA1937A33509 /* Pods-DynamicXLPager.debug.xcconfig */;
			buildSettings = {
				ASSETCATALOG_COMPILER_APPICON_NAME = AppIcon;
				CODE_SIGN_STYLE = Automatic;
				DEVELOPMENT_TEAM = YHKB8C6MSB;
				INFOPLIST_FILE = DynamicXLPager/Info.plist;
				LD_RUNPATH_SEARCH_PATHS = "$(inherited) @executable_path/Frameworks";
				PRODUCT_BUNDLE_IDENTIFIER = affixus.DynamicXLPager;
				PRODUCT_NAME = "$(TARGET_NAME)";
				SWIFT_VERSION = 4.0;
				TARGETED_DEVICE_FAMILY = "1,2";
			};
			name = Debug;
		};
		A436EEF8215F42A400333501 /* Release */ = {
			isa = XCBuildConfiguration;
			baseConfigurationReference = DEF77E24DBDBB7ED5226F52B /* Pods-DynamicXLPager.release.xcconfig */;
			buildSettings = {
				ASSETCATALOG_COMPILER_APPICON_NAME = AppIcon;
				CODE_SIGN_STYLE = Automatic;
				DEVELOPMENT_TEAM = YHKB8C6MSB;
				INFOPLIST_FILE = DynamicXLPager/Info.plist;
				LD_RUNPATH_SEARCH_PATHS = "$(inherited) @executable_path/Frameworks";
				PRODUCT_BUNDLE_IDENTIFIER = affixus.DynamicXLPager;
				PRODUCT_NAME = "$(TARGET_NAME)";
				SWIFT_VERSION = 4.0;
				TARGETED_DEVICE_FAMILY = "1,2";
			};
			name = Release;
		};
/* End XCBuildConfiguration section */

/* Begin XCConfigurationList section */
		A436EEDF215F42A300333501 /* Build configuration list for PBXProject "DynamicXLPager" */ = {
			isa = XCConfigurationList;
			buildConfigurations = (
				A436EEF4215F42A400333501 /* Debug */,
				A436EEF5215F42A400333501 /* Release */,
			);
			defaultConfigurationIsVisible = 0;
			defaultConfigurationName = Release;
		};
		A436EEF6215F42A400333501 /* Build configuration list for PBXNativeTarget "DynamicXLPager" */ = {
			isa = XCConfigurationList;
			buildConfigurations = (
				A436EEF7215F42A400333501 /* Debug */,
				A436EEF8215F42A400333501 /* Release */,
			);
			defaultConfigurationIsVisible = 0;
			defaultConfigurationName = Release;
		};
/* End XCConfigurationList section */
	};
	rootObject = A436EEDC215F42A300333501 /* Project object */;
}
